# Generated by pub
# See https://dart.dev/tools/pub/glossary#lockfile
packages:
  shared_models:
    dependency: "direct main"
    description:
      path: "packages/shared_models"
      relative: true
    source: path
    version: "0.1.0"
  shared_protocol:
    dependency: "direct main"
    description:
      path: "packages/shared_protocol"
      relative: true
    source: path
    version: "0.1.0"
  shared_security:
    dependency: "direct main"
    description:
      path: "packages/shared_security"
      relative: true
    source: path
    version: "0.1.0"
  shared_storage:
    dependency: "direct main"
    description:
      path: "packages/shared_storage"
      relative: true
    source: path
    version: "0.1.0"
sdks:
  dart: ">=3.11.5 <4.0.0"
